<?xml version="1.0" encoding="utf-8"?>
<Project ToolsVersion="4.0" xmlns="http://schemas.microsoft.com/developer/msbuild/2003">
  <ItemGroup>
    <Filter Include="Main">
      <UniqueIdentifier>{e1517d75-8dba-4d54-9184-b05414d4b18f}</UniqueIdentifier>
    </Filter>
    <Filter Include="PreCompiled">
      <UniqueIdentifier>{53fcadb4-732e-4736-ac4b-92e2c8c8add3}</UniqueIdentifier>
    </Filter>
    <Filter Include="Utills">
      <UniqueIdentifier>{5de94b0e-c6b4-4132-a975-33fb1e055e43}</UniqueIdentifier>
    </Filter>
    <Filter Include="Game">
      <UniqueIdentifier>{4e042455-91be-406e-b123-f5a1453b1c8a}</UniqueIdentifier>
    </Filter>
  </ItemGroup>
  <ItemGroup>
    <ClCompile Include="FreeQueue.cpp">
      <Filter>Utills</Filter>
    </ClCompile>
    <ClCompile Include="stdafx.cpp">
      <Filter>PreCompiled</Filter>
    </ClCompile>
    <ClCompile Include="Bullet.cpp">
      <Filter>Game</Filter>
    </ClCompile>
    <ClCompile Include="Console.cpp">
      <Filter>Game</Filter>
    </ClCompile>
    <ClCompile Include="Enemy.cpp">
      <Filter>Game</Filter>
    </ClCompile>
    <ClCompile Include="Game.cpp">
      <Filter>Game</Filter>
    </ClCompile>
    <ClCompile Include="Info.cpp">
      <Filter>Game</Filter>
    </ClCompile>
    <ClCompile Include="LoadData.cpp">
      <Filter>Game</Filter>
    </ClCompile>
    <ClCompile Include="Player.cpp">
      <Filter>Game</Filter>
    </ClCompile>
    <ClCompile Include="Render.cpp">
      <Filter>Game</Filter>
    </ClCompile>
    <ClCompile Include="Scene.cpp">
      <Filter>Game</Filter>
    </ClCompile>
    <ClCompile Include="main.cpp">
      <Filter>Main</Filter>
    </ClCompile>
  </ItemGroup>
  <ItemGroup>
    <ClInclude Include="FreeQueue.h">
      <Filter>Utills</Filter>
    </ClInclude>
    <ClInclude Include="stdafx.h">
      <Filter>PreCompiled</Filter>
    </ClInclude>
    <ClInclude Include="Types.h">
      <Filter>PreCompiled</Filter>
    </ClInclude>
    <ClInclude Include="Bullet.h">
      <Filter>Game</Filter>
    </ClInclude>
    <ClInclude Include="Console.h">
      <Filter>Game</Filter>
    </ClInclude>
    <ClInclude Include="Enemy.h">
      <Filter>Game</Filter>
    </ClInclude>
    <ClInclude Include="Game.h">
      <Filter>Game</Filter>
    </ClInclude>
    <ClInclude Include="Info.h">
      <Filter>Game</Filter>
    </ClInclude>
    <ClInclude Include="LoadData.h">
      <Filter>Game</Filter>
    </ClInclude>
    <ClInclude Include="Player.h">
      <Filter>Game</Filter>
    </ClInclude>
    <ClInclude Include="Render.h">
      <Filter>Game</Filter>
    </ClInclude>
    <ClInclude Include="Scene.h">
      <Filter>Game</Filter>
    </ClInclude>
    <ClInclude Include="Macro.h">
      <Filter>Utills</Filter>
    </ClInclude>
  </ItemGroup>
</Project>